
Microsoft Visual Studio Solution File, Format Version 12.00
# Visual Studio Version 16
VisualStudioVersion = 16.0.31005.135
MinimumVisualStudioVersion = 10.0.40219.1
Project("{FAE04EC0-301F-11D3-BF4B-00C04F79EFBC}") = "FromMVCToBlazor", "FromMVCToBlazor\FromMVCToBlazor.csproj", "{9962E6CD-E82B-4B30-A49D-5FC80B42F5D1}"
EndProject
Global
	GlobalSection(SolutionConfigurationPlatforms) = preSolution
		Debug|Any CPU = Debug|Any CPU
		Release|Any CPU = Release|Any CPU
	EndGlobalSection
	GlobalSection(ProjectConfigurationPlatforms) = postSolution
		{9962E6CD-E82B-4B30-A49D-5FC80B42F5D1}.Debug|Any CPU.ActiveCfg = Debug|Any CPU
		{9962E6CD-E82B-4B30-A49D-5FC80B42F5D1}.Debug|Any CPU.Build.0 = Debug|Any CPU
		{9962E6CD-E82B-4B30-A49D-5FC80B42F5D1}.Release|Any CPU.ActiveCfg = Release|Any CPU
		{9962E6CD-E82B-4B30-A49D-5FC80B42F5D1}.Release|Any CPU.Build.0 = Release|Any CPU
	EndGlobalSection
	GlobalSection(SolutionProperties) = preSolution
		HideSolutionNode = FALSE
	EndGlobalSection
	GlobalSection(ExtensibilityGlobals) = postSolution
		SolutionGuid = {89E3EE3F-9D2B-440B-98EA-9547DA09E821}
	EndGlobalSection
EndGlobal
